
Microsoft Visual Studio Solution File, Format Version 12.00
# Visual Studio Version 17
VisualStudioVersion = 17.0.31919.166
MinimumVisualStudioVersion = 10.0.40219.1
Project("{FAE04EC0-301F-11D3-BF4B-00C04F79EFBC}") = "pdf1", "pdf1\pdf1.csproj", "{E96D8C74-F7A7-486E-A510-B01408ABB1DB}"
EndProject
Global
	GlobalSection(SolutionConfigurationPlatforms) = preSolution
		Debug|Any CPU = Debug|Any CPU
		Release|Any CPU = Release|Any CPU
	EndGlobalSection
	GlobalSection(ProjectConfigurationPlatforms) = postSolution
		{E96D8C74-F7A7-486E-A510-B01408ABB1DB}.Debug|Any CPU.ActiveCfg = Debug|Any CPU
		{E96D8C74-F7A7-486E-A510-B01408ABB1DB}.Debug|Any CPU.Build.0 = Debug|Any CPU
		{E96D8C74-F7A7-486E-A510-B01408ABB1DB}.Release|Any CPU.ActiveCfg = Release|Any CPU
		{E96D8C74-F7A7-486E-A510-B01408ABB1DB}.Release|Any CPU.Build.0 = Release|Any CPU
	EndGlobalSection
	GlobalSection(SolutionProperties) = preSolution
		HideSolutionNode = FALSE
	EndGlobalSection
	GlobalSection(ExtensibilityGlobals) = postSolution
		SolutionGuid = {E47F3A52-669D-4D37-8909-CD62BAEEC5AD}
	EndGlobalSection
EndGlobal
